
Microsoft Visual Studio Solution File, Format Version 12.00
# Visual Studio Version 17
VisualStudioVersion = 17.9.34723.18
MinimumVisualStudioVersion = 10.0.40219.1
Project("{FAE04EC0-301F-11D3-BF4B-00C04F79EFBC}") = "MiniRubyParserGUI", "MiniRubyParserGUI\MiniRubyParserGUI.csproj", "{636C8111-5B77-4870-8C66-D77CB97062EA}"
EndProject
Global
	GlobalSection(SolutionConfigurationPlatforms) = preSolution
		Debug|Any CPU = Debug|Any CPU
		Release|Any CPU = Release|Any CPU
	EndGlobalSection
	GlobalSection(ProjectConfigurationPlatforms) = postSolution
		{636C8111-5B77-4870-8C66-D77CB97062EA}.Debug|Any CPU.ActiveCfg = Debug|Any CPU
		{636C8111-5B77-4870-8C66-D77CB97062EA}.Debug|Any CPU.Build.0 = Debug|Any CPU
		{636C8111-5B77-4870-8C66-D77CB97062EA}.Release|Any CPU.ActiveCfg = Release|Any CPU
		{636C8111-5B77-4870-8C66-D77CB97062EA}.Release|Any CPU.Build.0 = Release|Any CPU
	EndGlobalSection
	GlobalSection(SolutionProperties) = preSolution
		HideSolutionNode = FALSE
	EndGlobalSection
	GlobalSection(ExtensibilityGlobals) = postSolution
		SolutionGuid = {56CAAF03-C8B6-4513-936E-A08B6D4E0392}
	EndGlobalSection
EndGlobal
